{
    "_meta": {
        "hash": {
            "sha256": "cff2065638ba48a97a428cfafc44eee82c4d82cba3dd69d92fdfe0c624aadb92"
        },
        "host-environment-markers": {
            "implementation_name": "cpython",
            "implementation_version": "3.7.3",
            "os_name": "posix",
            "platform_machine": "x86_64",
            "platform_python_implementation": "CPython",
            "platform_release": "5.1.1-gentoo",
            "platform_system": "Linux",
            "platform_version": "#1 SMP Wed Jun 12 22:54:35 CEST 2019",
            "python_full_version": "3.7.3",
            "python_version": "3.7",
            "sys_platform": "linux"
        },
        "pipfile-spec": 6,
        "requires": {
            "python_version": "3.7"
        },
        "sources": [
            {
                "name": "pypi",
                "url": "https://pypi.org/simple",
                "verify_ssl": true
            }
        ]
    },
    "default": {
        "nmigen": {
            "git": "https://github.com/m-labs/nmigen.git"
        },
        "numpy": {
            "hashes": [],
            "version": "==1.17.0"
        },
        "pandas": {
            "hashes": [],
            "version": "==0.25.0"
        },
        "python-dateutil": {
            "hashes": [],
            "version": "==2.8.0"
        },
        "pytz": {
            "hashes": [],
            "version": "==2019.2"
        },
        "six": {
            "hashes": [],
            "version": "==1.12.0"
        }
    },
    "develop": {
        "entrypoints": {
            "hashes": [],
            "version": "==0.3"
        },
        "flake8": {
            "hashes": [],
            "version": "==3.7.8"
        },
        "mccabe": {
            "hashes": [],
            "version": "==0.6.1"
        },
        "pycodestyle": {
            "hashes": [],
            "version": "==2.5.0"
        },
        "pyflakes": {
            "hashes": [],
            "version": "==2.1.1"
        }
    }
}
